// !$*UTF8*$!
{
	archiveVersion = 1;
	classes = {
	};
	objectVersion = 50;
	objects = {

/* Begin PBXBuildFile section */
		CA8F827B243711C6002139A7 /* URLSessionDataTaskProtocol.swift in Sources */ = {isa = PBXBuildFile; fileRef = CA8F827A243711C6002139A7 /* URLSessionDataTaskProtocol.swift */; };
		CA8F827E243711DF002139A7 /* URLSessionDataTask - URLSessionDataTaskProtocol.swift in Sources */ = {isa = PBXBuildFile; fileRef = CA8F827D243711DF002139A7 /* URLSessionDataTask - URLSessionDataTaskProtocol.swift */; };
		CA8F8281243711F1002139A7 /* URLSession - URLSessionProtocol.swift in Sources */ = {isa = PBXBuildFile; fileRef = CA8F8280243711F1002139A7 /* URLSession - URLSessionProtocol.swift */; };
		CA8F8283243720F6002139A7 /* URLSessionDataTaskMock.swift in Sources */ = {isa = PBXBuildFile; fileRef = CA8F8282243720F6002139A7 /* URLSessionDataTaskMock.swift */; };
		CA8F82872437539F002139A7 /* ViewControllerTests.swift in Sources */ = {isa = PBXBuildFile; fileRef = CA8F82862437539F002139A7 /* ViewControllerTests.swift */; };
		CA8F828924375438002139A7 /* HTTPManagerMock.swift in Sources */ = {isa = PBXBuildFile; fileRef = CA8F828824375438002139A7 /* HTTPManagerMock.swift */; };
		CA8F828B24375466002139A7 /* HTTPManagerProtocol.swift in Sources */ = {isa = PBXBuildFile; fileRef = CA8F828A24375466002139A7 /* HTTPManagerProtocol.swift */; };
		CA8F828D24377408002139A7 /* BasicHTTPManagerTests.swift in Sources */ = {isa = PBXBuildFile; fileRef = CA8F828C24377408002139A7 /* BasicHTTPManagerTests.swift */; };
		CA8F828F2437747D002139A7 /* HTTPManager - HTTPManagerProtocol.swift in Sources */ = {isa = PBXBuildFile; fileRef = CA8F828E2437747D002139A7 /* HTTPManager - HTTPManagerProtocol.swift */; };
		CAAA62D5241146E800C7A198 /* AppDelegate.swift in Sources */ = {isa = PBXBuildFile; fileRef = CAAA62D4241146E800C7A198 /* AppDelegate.swift */; };
		CAAA62D7241146E800C7A198 /* ViewController.swift in Sources */ = {isa = PBXBuildFile; fileRef = CAAA62D6241146E800C7A198 /* ViewController.swift */; };
		CAAA62DA241146E800C7A198 /* Main.storyboard in Resources */ = {isa = PBXBuildFile; fileRef = CAAA62D8241146E800C7A198 /* Main.storyboard */; };
		CAAA62DC241146E900C7A198 /* Assets.xcassets in Resources */ = {isa = PBXBuildFile; fileRef = CAAA62DB241146E900C7A198 /* Assets.xcassets */; };
		CAAA62DF241146E900C7A198 /* LaunchScreen.storyboard in Resources */ = {isa = PBXBuildFile; fileRef = CAAA62DD241146E900C7A198 /* LaunchScreen.storyboard */; };
		CAAA62EA241146EA00C7A198 /* HTTPManagerTests.swift in Sources */ = {isa = PBXBuildFile; fileRef = CAAA62E9241146EA00C7A198 /* HTTPManagerTests.swift */; };
		CAAA62F5241146EA00C7A198 /* BasicHTTPManagerUITests.swift in Sources */ = {isa = PBXBuildFile; fileRef = CAAA62F4241146EA00C7A198 /* BasicHTTPManagerUITests.swift */; };
		CAAA6303241146FD00C7A198 /* HTTPManager.swift in Sources */ = {isa = PBXBuildFile; fileRef = CAAA6302241146FC00C7A198 /* HTTPManager.swift */; };
		CACE5BAF2413863C0084B16E /* URLSessionProtocol.swift in Sources */ = {isa = PBXBuildFile; fileRef = CACE5BAE2413863C0084B16E /* URLSessionProtocol.swift */; };
		CACE5BB224138AD00084B16E /* URLSessionMock.swift in Sources */ = {isa = PBXBuildFile; fileRef = CACE5BB124138AD00084B16E /* URLSessionMock.swift */; };
		CACE5BB5241394650084B16E /* EndPointResponse.swift in Sources */ = {isa = PBXBuildFile; fileRef = CACE5BB4241394650084B16E /* EndPointResponse.swift */; };
		CACE5BB7241395560084B16E /* EndPointModel.swift in Sources */ = {isa = PBXBuildFile; fileRef = CACE5BB6241395560084B16E /* EndPointModel.swift */; };
		CACE5BBA2413A25F0084B16E /* EndPointResponse303.swift in Sources */ = {isa = PBXBuildFile; fileRef = CACE5BB92413A25F0084B16E /* EndPointResponse303.swift */; };
/* End PBXBuildFile section */

/* Begin PBXContainerItemProxy section */
		CAAA62E6241146EA00C7A198 /* PBXContainerItemProxy */ = {
			isa = PBXContainerItemProxy;
			containerPortal = CAAA62C9241146E800C7A198 /* Project object */;
			proxyType = 1;
			remoteGlobalIDString = CAAA62D0241146E800C7A198;
			remoteInfo = BasicHTTPManager;
		};
		CAAA62F1241146EA00C7A198 /* PBXContainerItemProxy */ = {
			isa = PBXContainerItemProxy;
			containerPortal = CAAA62C9241146E800C7A198 /* Project object */;
			proxyType = 1;
			remoteGlobalIDString = CAAA62D0241146E800C7A198;
			remoteInfo = BasicHTTPManager;
		};
/* End PBXContainerItemProxy section */

/* Begin PBXFileReference section */
		CA8F827A243711C6002139A7 /* URLSessionDataTaskProtocol.swift */ = {isa = PBXFileReference; fileEncoding = 4; lastKnownFileType = sourcecode.swift; path = URLSessionDataTaskProtocol.swift; sourceTree = "<group>"; };
		CA8F827D243711DF002139A7 /* URLSessionDataTask - URLSessionDataTaskProtocol.swift */ = {isa = PBXFileReference; fileEncoding = 4; lastKnownFileType = sourcecode.swift; path = "URLSessionDataTask - URLSessionDataTaskProtocol.swift"; sourceTree = "<group>"; };
		CA8F8280243711F1002139A7 /* URLSession - URLSessionProtocol.swift */ = {isa = PBXFileReference; fileEncoding = 4; lastKnownFileType = sourcecode.swift; path = "URLSession - URLSessionProtocol.swift"; sourceTree = "<group>"; };
		CA8F8282243720F6002139A7 /* URLSessionDataTaskMock.swift */ = {isa = PBXFileReference; lastKnownFileType = sourcecode.swift; path = URLSessionDataTaskMock.swift; sourceTree = "<group>"; };
		CA8F82862437539F002139A7 /* ViewControllerTests.swift */ = {isa = PBXFileReference; lastKnownFileType = sourcecode.swift; path = ViewControllerTests.swift; sourceTree = "<group>"; };
		CA8F828824375438002139A7 /* HTTPManagerMock.swift */ = {isa = PBXFileReference; lastKnownFileType = sourcecode.swift; path = HTTPManagerMock.swift; sourceTree = "<group>"; };
		CA8F828A24375466002139A7 /* HTTPManagerProtocol.swift */ = {isa = PBXFileReference; lastKnownFileType = sourcecode.swift; path = HTTPManagerProtocol.swift; sourceTree = "<group>"; };
		CA8F828C24377408002139A7 /* BasicHTTPManagerTests.swift */ = {isa = PBXFileReference; lastKnownFileType = sourcecode.swift; path = BasicHTTPManagerTests.swift; sourceTree = "<group>"; };
		CA8F828E2437747D002139A7 /* HTTPManager - HTTPManagerProtocol.swift */ = {isa = PBXFileReference; lastKnownFileType = sourcecode.swift; path = "HTTPManager - HTTPManagerProtocol.swift"; sourceTree = "<group>"; };
		CAAA62D1241146E800C7A198 /* BasicHTTPManager.app */ = {isa = PBXFileReference; explicitFileType = wrapper.application; includeInIndex = 0; path = BasicHTTPManager.app; sourceTree = BUILT_PRODUCTS_DIR; };
		CAAA62D4241146E800C7A198 /* AppDelegate.swift */ = {isa = PBXFileReference; lastKnownFileType = sourcecode.swift; path = AppDelegate.swift; sourceTree = "<group>"; };
		CAAA62D6241146E800C7A198 /* ViewController.swift */ = {isa = PBXFileReference; lastKnownFileType = sourcecode.swift; path = ViewController.swift; sourceTree = "<group>"; };
		CAAA62D9241146E800C7A198 /* Base */ = {isa = PBXFileReference; lastKnownFileType = file.storyboard; name = Base; path = Base.lproj/Main.storyboard; sourceTree = "<group>"; };
		CAAA62DB241146E900C7A198 /* Assets.xcassets */ = {isa = PBXFileReference; lastKnownFileType = folder.assetcatalog; path = Assets.xcassets; sourceTree = "<group>"; };
		CAAA62DE241146E900C7A198 /* Base */ = {isa = PBXFileReference; lastKnownFileType = file.storyboard; name = Base; path = Base.lproj/LaunchScreen.storyboard; sourceTree = "<group>"; };
		CAAA62E0241146E900C7A198 /* Info.plist */ = {isa = PBXFileReference; lastKnownFileType = text.plist.xml; path = Info.plist; sourceTree = "<group>"; };
		CAAA62E5241146EA00C7A198 /* BasicHTTPManagerTests.xctest */ = {isa = PBXFileReference; explicitFileType = wrapper.cfbundle; includeInIndex = 0; path = BasicHTTPManagerTests.xctest; sourceTree = BUILT_PRODUCTS_DIR; };
		CAAA62E9241146EA00C7A198 /* HTTPManagerTests.swift */ = {isa = PBXFileReference; lastKnownFileType = sourcecode.swift; path = HTTPManagerTests.swift; sourceTree = "<group>"; };
		CAAA62EB241146EA00C7A198 /* Info.plist */ = {isa = PBXFileReference; lastKnownFileType = text.plist.xml; path = Info.plist; sourceTree = "<group>"; };
		CAAA62F0241146EA00C7A198 /* BasicHTTPManagerUITests.xctest */ = {isa = PBXFileReference; explicitFileType = wrapper.cfbundle; includeInIndex = 0; path = BasicHTTPManagerUITests.xctest; sourceTree = BUILT_PRODUCTS_DIR; };
		CAAA62F4241146EA00C7A198 /* BasicHTTPManagerUITests.swift */ = {isa = PBXFileReference; lastKnownFileType = sourcecode.swift; path = BasicHTTPManagerUITests.swift; sourceTree = "<group>"; };
		CAAA62F6241146EA00C7A198 /* Info.plist */ = {isa = PBXFileReference; lastKnownFileType = text.plist.xml; path = Info.plist; sourceTree = "<group>"; };
		CAAA6302241146FC00C7A198 /* HTTPManager.swift */ = {isa = PBXFileReference; fileEncoding = 4; lastKnownFileType = sourcecode.swift; path = HTTPManager.swift; sourceTree = "<group>"; };
		CACE5BAE2413863C0084B16E /* URLSessionProtocol.swift */ = {isa = PBXFileReference; lastKnownFileType = sourcecode.swift; path = URLSessionProtocol.swift; sourceTree = "<group>"; };
		CACE5BB124138AD00084B16E /* URLSessionMock.swift */ = {isa = PBXFileReference; lastKnownFileType = sourcecode.swift; path = URLSessionMock.swift; sourceTree = "<group>"; };
		CACE5BB4241394650084B16E /* EndPointResponse.swift */ = {isa = PBXFileReference; lastKnownFileType = sourcecode.swift; path = EndPointResponse.swift; sourceTree = "<group>"; };
		CACE5BB6241395560084B16E /* EndPointModel.swift */ = {isa = PBXFileReference; lastKnownFileType = sourcecode.swift; path = EndPointModel.swift; sourceTree = "<group>"; };
		CACE5BB92413A25F0084B16E /* EndPointResponse303.swift */ = {isa = PBXFileReference; lastKnownFileType = sourcecode.swift; path = EndPointResponse303.swift; sourceTree = "<group>"; };
/* End PBXFileReference section */

/* Begin PBXFrameworksBuildPhase section */
		CAAA62CE241146E800C7A198 /* Frameworks */ = {
			isa = PBXFrameworksBuildPhase;
			buildActionMask = 2147483647;
			files = (
			);
			runOnlyForDeploymentPostprocessing = 0;
		};
		CAAA62E2241146EA00C7A198 /* Frameworks */ = {
			isa = PBXFrameworksBuildPhase;
			buildActionMask = 2147483647;
			files = (
			);
			runOnlyForDeploymentPostprocessing = 0;
		};
		CAAA62ED241146EA00C7A198 /* Frameworks */ = {
			isa = PBXFrameworksBuildPhase;
			buildActionMask = 2147483647;
			files = (
			);
			runOnlyForDeploymentPostprocessing = 0;
		};
/* End PBXFrameworksBuildPhase section */

/* Begin PBXGroup section */
		CA8F827C243711CF002139A7 /* Protocols */ = {
			isa = PBXGroup;
			children = (
				CACE5BAE2413863C0084B16E /* URLSessionProtocol.swift */,
				CA8F828A24375466002139A7 /* HTTPManagerProtocol.swift */,
				CA8F827A243711C6002139A7 /* URLSessionDataTaskProtocol.swift */,
				CA8F827F243711E3002139A7 /* ProtocolExtensions */,
			);
			path = Protocols;
			sourceTree = "<group>";
		};
		CA8F827F243711E3002139A7 /* ProtocolExtensions */ = {
			isa = PBXGroup;
			children = (
				CA8F8280243711F1002139A7 /* URLSession - URLSessionProtocol.swift */,
				CA8F828E2437747D002139A7 /* HTTPManager - HTTPManagerProtocol.swift */,
				CA8F827D243711DF002139A7 /* URLSessionDataTask - URLSessionDataTaskProtocol.swift */,
			);
			path = ProtocolExtensions;
			sourceTree = "<group>";
		};
		CAAA62C8241146E800C7A198 = {
			isa = PBXGroup;
			children = (
				CAAA62D3241146E800C7A198 /* BasicHTTPManager */,
				CAAA62E8241146EA00C7A198 /* BasicHTTPManagerTests */,
				CAAA62F3241146EA00C7A198 /* BasicHTTPManagerUITests */,
				CAAA62D2241146E800C7A198 /* Products */,
			);
			sourceTree = "<group>";
		};
		CAAA62D2241146E800C7A198 /* Products */ = {
			isa = PBXGroup;
			children = (
				CAAA62D1241146E800C7A198 /* BasicHTTPManager.app */,
				CAAA62E5241146EA00C7A198 /* BasicHTTPManagerTests.xctest */,
				CAAA62F0241146EA00C7A198 /* BasicHTTPManagerUITests.xctest */,
			);
			name = Products;
			sourceTree = "<group>";
		};
		CAAA62D3241146E800C7A198 /* BasicHTTPManager */ = {
			isa = PBXGroup;
			children = (
				CAAA62D4241146E800C7A198 /* AppDelegate.swift */,
				CAAA62D6241146E800C7A198 /* ViewController.swift */,
				CAAA6302241146FC00C7A198 /* HTTPManager.swift */,
				CACE5BB82413955B0084B16E /* Models */,
				CA8F827C243711CF002139A7 /* Protocols */,
				CAAA62D8241146E800C7A198 /* Main.storyboard */,
				CAAA62DB241146E900C7A198 /* Assets.xcassets */,
				CAAA62DD241146E900C7A198 /* LaunchScreen.storyboard */,
				CAAA62E0241146E900C7A198 /* Info.plist */,
			);
			path = BasicHTTPManager;
			sourceTree = "<group>";
		};
		CAAA62E8241146EA00C7A198 /* BasicHTTPManagerTests */ = {
			isa = PBXGroup;
			children = (
				CACE5BB32413944E0084B16E /* Assets */,
				CACE5BB024138AB60084B16E /* Mocks */,
				CAAA62E9241146EA00C7A198 /* HTTPManagerTests.swift */,
				CA8F82862437539F002139A7 /* ViewControllerTests.swift */,
				CA8F828C24377408002139A7 /* BasicHTTPManagerTests.swift */,
				CAAA62EB241146EA00C7A198 /* Info.plist */,
			);
			path = BasicHTTPManagerTests;
			sourceTree = "<group>";
		};
		CAAA62F3241146EA00C7A198 /* BasicHTTPManagerUITests */ = {
			isa = PBXGroup;
			children = (
				CAAA62F4241146EA00C7A198 /* BasicHTTPManagerUITests.swift */,
				CAAA62F6241146EA00C7A198 /* Info.plist */,
			);
			path = BasicHTTPManagerUITests;
			sourceTree = "<group>";
		};
		CACE5BB024138AB60084B16E /* Mocks */ = {
			isa = PBXGroup;
			children = (
				CACE5BB124138AD00084B16E /* URLSessionMock.swift */,
				CA8F828824375438002139A7 /* HTTPManagerMock.swift */,
				CA8F8282243720F6002139A7 /* URLSessionDataTaskMock.swift */,
			);
			path = Mocks;
			sourceTree = "<group>";
		};
		CACE5BB32413944E0084B16E /* Assets */ = {
			isa = PBXGroup;
			children = (
				CACE5BB4241394650084B16E /* EndPointResponse.swift */,
				CACE5BB92413A25F0084B16E /* EndPointResponse303.swift */,
			);
			path = Assets;
			sourceTree = "<group>";
		};
		CACE5BB82413955B0084B16E /* Models */ = {
			isa = PBXGroup;
			children = (
				CACE5BB6241395560084B16E /* EndPointModel.swift */,
			);
			path = Models;
			sourceTree = "<group>";
		};
/* End PBXGroup section */

/* Begin PBXNativeTarget section */
		CAAA62D0241146E800C7A198 /* BasicHTTPManager */ = {
			isa = PBXNativeTarget;
			buildConfigurationList = CAAA62F9241146EA00C7A198 /* Build configuration list for PBXNativeTarget "BasicHTTPManager" */;
			buildPhases = (
				CAAA62CD241146E800C7A198 /* Sources */,
				CAAA62CE241146E800C7A198 /* Frameworks */,
				CAAA62CF241146E800C7A198 /* Resources */,
			);
			buildRules = (
			);
			dependencies = (
			);
			name = BasicHTTPManager;
			productName = BasicHTTPManager;
			productReference = CAAA62D1241146E800C7A198 /* BasicHTTPManager.app */;
			productType = "com.apple.product-type.application";
		};
		CAAA62E4241146EA00C7A198 /* BasicHTTPManagerTests */ = {
			isa = PBXNativeTarget;
			buildConfigurationList = CAAA62FC241146EA00C7A198 /* Build configuration list for PBXNativeTarget "BasicHTTPManagerTests" */;
			buildPhases = (
				CAAA62E1241146EA00C7A198 /* Sources */,
				CAAA62E2241146EA00C7A198 /* Frameworks */,
				CAAA62E3241146EA00C7A198 /* Resources */,
			);
			buildRules = (
			);
			dependencies = (
				CAAA62E7241146EA00C7A198 /* PBXTargetDependency */,
			);
			name = BasicHTTPManagerTests;
			productName = BasicHTTPManagerTests;
			productReference = CAAA62E5241146EA00C7A198 /* BasicHTTPManagerTests.xctest */;
			productType = "com.apple.product-type.bundle.unit-test";
		};
		CAAA62EF241146EA00C7A198 /* BasicHTTPManagerUITests */ = {
			isa = PBXNativeTarget;
			buildConfigurationList = CAAA62FF241146EA00C7A198 /* Build configuration list for PBXNativeTarget "BasicHTTPManagerUITests" */;
			buildPhases = (
				CAAA62EC241146EA00C7A198 /* Sources */,
				CAAA62ED241146EA00C7A198 /* Frameworks */,
				CAAA62EE241146EA00C7A198 /* Resources */,
			);
			buildRules = (
			);
			dependencies = (
				CAAA62F2241146EA00C7A198 /* PBXTargetDependency */,
			);
			name = BasicHTTPManagerUITests;
			productName = BasicHTTPManagerUITests;
			productReference = CAAA62F0241146EA00C7A198 /* BasicHTTPManagerUITests.xctest */;
			productType = "com.apple.product-type.bundle.ui-testing";
		};
/* End PBXNativeTarget section */

/* Begin PBXProject section */
		CAAA62C9241146E800C7A198 /* Project object */ = {
			isa = PBXProject;
			attributes = {
				LastSwiftUpdateCheck = 1020;
				LastUpgradeCheck = 1020;
				ORGANIZATIONNAME = "Steven Curtis";
				TargetAttributes = {
					CAAA62D0241146E800C7A198 = {
						CreatedOnToolsVersion = 10.2.1;
					};
					CAAA62E4241146EA00C7A198 = {
						CreatedOnToolsVersion = 10.2.1;
						TestTargetID = CAAA62D0241146E800C7A198;
					};
					CAAA62EF241146EA00C7A198 = {
						CreatedOnToolsVersion = 10.2.1;
						TestTargetID = CAAA62D0241146E800C7A198;
					};
				};
			};
			buildConfigurationList = CAAA62CC241146E800C7A198 /* Build configuration list for PBXProject "BasicHTTPManager" */;
			compatibilityVersion = "Xcode 9.3";
			developmentRegion = en;
			hasScannedForEncodings = 0;
			knownRegions = (
				en,
				Base,
			);
			mainGroup = CAAA62C8241146E800C7A198;
			productRefGroup = CAAA62D2241146E800C7A198 /* Products */;
			projectDirPath = "";
			projectRoot = "";
			targets = (
				CAAA62D0241146E800C7A198 /* BasicHTTPManager */,
				CAAA62E4241146EA00C7A198 /* BasicHTTPManagerTests */,
				CAAA62EF241146EA00C7A198 /* BasicHTTPManagerUITests */,
			);
		};
/* End PBXProject section */

/* Begin PBXResourcesBuildPhase section */
		CAAA62CF241146E800C7A198 /* Resources */ = {
			isa = PBXResourcesBuildPhase;
			buildActionMask = 2147483647;
			files = (
				CAAA62DF241146E900C7A198 /* LaunchScreen.storyboard in Resources */,
				CAAA62DC241146E900C7A198 /* Assets.xcassets in Resources */,
				CAAA62DA241146E800C7A198 /* Main.storyboard in Resources */,
			);
			runOnlyForDeploymentPostprocessing = 0;
		};
		CAAA62E3241146EA00C7A198 /* Resources */ = {
			isa = PBXResourcesBuildPhase;
			buildActionMask = 2147483647;
			files = (
			);
			runOnlyForDeploymentPostprocessing = 0;
		};
		CAAA62EE241146EA00C7A198 /* Resources */ = {
			isa = PBXResourcesBuildPhase;
			buildActionMask = 2147483647;
			files = (
			);
			runOnlyForDeploymentPostprocessing = 0;
		};
/* End PBXResourcesBuildPhase section */

/* Begin PBXSourcesBuildPhase section */
		CAAA62CD241146E800C7A198 /* Sources */ = {
			isa = PBXSourcesBuildPhase;
			buildActionMask = 2147483647;
			files = (
				CA8F828B24375466002139A7 /* HTTPManagerProtocol.swift in Sources */,
				CACE5BAF2413863C0084B16E /* URLSessionProtocol.swift in Sources */,
				CAAA62D7241146E800C7A198 /* ViewController.swift in Sources */,
				CA8F827E243711DF002139A7 /* URLSessionDataTask - URLSessionDataTaskProtocol.swift in Sources */,
				CA8F827B243711C6002139A7 /* URLSessionDataTaskProtocol.swift in Sources */,
				CACE5BB7241395560084B16E /* EndPointModel.swift in Sources */,
				CA8F8281243711F1002139A7 /* URLSession - URLSessionProtocol.swift in Sources */,
				CA8F828F2437747D002139A7 /* HTTPManager - HTTPManagerProtocol.swift in Sources */,
				CAAA6303241146FD00C7A198 /* HTTPManager.swift in Sources */,
				CAAA62D5241146E800C7A198 /* AppDelegate.swift in Sources */,
			);
			runOnlyForDeploymentPostprocessing = 0;
		};
		CAAA62E1241146EA00C7A198 /* Sources */ = {
			isa = PBXSourcesBuildPhase;
			buildActionMask = 2147483647;
			files = (
				CACE5BBA2413A25F0084B16E /* EndPointResponse303.swift in Sources */,
				CACE5BB224138AD00084B16E /* URLSessionMock.swift in Sources */,
				CAAA62EA241146EA00C7A198 /* HTTPManagerTests.swift in Sources */,
				CA8F828924375438002139A7 /* HTTPManagerMock.swift in Sources */,
				CA8F82872437539F002139A7 /* ViewControllerTests.swift in Sources */,
				CACE5BB5241394650084B16E /* EndPointResponse.swift in Sources */,
				CA8F8283243720F6002139A7 /* URLSessionDataTaskMock.swift in Sources */,
				CA8F828D24377408002139A7 /* BasicHTTPManagerTests.swift in Sources */,
			);
			runOnlyForDeploymentPostprocessing = 0;
		};
		CAAA62EC241146EA00C7A198 /* Sources */ = {
			isa = PBXSourcesBuildPhase;
			buildActionMask = 2147483647;
			files = (
				CAAA62F5241146EA00C7A198 /* BasicHTTPManagerUITests.swift in Sources */,
			);
			runOnlyForDeploymentPostprocessing = 0;
		};
/* End PBXSourcesBuildPhase section */

/* Begin PBXTargetDependency section */
		CAAA62E7241146EA00C7A198 /* PBXTargetDependency */ = {
			isa = PBXTargetDependency;
			target = CAAA62D0241146E800C7A198 /* BasicHTTPManager */;
			targetProxy = CAAA62E6241146EA00C7A198 /* PBXContainerItemProxy */;
		};
		CAAA62F2241146EA00C7A198 /* PBXTargetDependency */ = {
			isa = PBXTargetDependency;
			target = CAAA62D0241146E800C7A198 /* BasicHTTPManager */;
			targetProxy = CAAA62F1241146EA00C7A198 /* PBXContainerItemProxy */;
		};
/* End PBXTargetDependency section */

/* Begin PBXVariantGroup section */
		CAAA62D8241146E800C7A198 /* Main.storyboard */ = {
			isa = PBXVariantGroup;
			children = (
				CAAA62D9241146E800C7A198 /* Base */,
			);
			name = Main.storyboard;
			sourceTree = "<group>";
		};
		CAAA62DD241146E900C7A198 /* LaunchScreen.storyboard */ = {
			isa = PBXVariantGroup;
			children = (
				CAAA62DE241146E900C7A198 /* Base */,
			);
			name = LaunchScreen.storyboard;
			sourceTree = "<group>";
		};
/* End PBXVariantGroup section */

/* Begin XCBuildConfiguration section */
		CAAA62F7241146EA00C7A198 /* Debug */ = {
			isa = XCBuildConfiguration;
			buildSettings = {
				ALWAYS_SEARCH_USER_PATHS = NO;
				CLANG_ANALYZER_NONNULL = YES;
				CLANG_ANALYZER_NUMBER_OBJECT_CONVERSION = YES_AGGRESSIVE;
				CLANG_CXX_LANGUAGE_STANDARD = "gnu++14";
				CLANG_CXX_LIBRARY = "libc++";
				CLANG_ENABLE_MODULES = YES;
				CLANG_ENABLE_OBJC_ARC = YES;
				CLANG_ENABLE_OBJC_WEAK = YES;
				CLANG_WARN_BLOCK_CAPTURE_AUTORELEASING = YES;
				CLANG_WARN_BOOL_CONVERSION = YES;
				CLANG_WARN_COMMA = YES;
				CLANG_WARN_CONSTANT_CONVERSION = YES;
				CLANG_WARN_DEPRECATED_OBJC_IMPLEMENTATIONS = YES;
				CLANG_WARN_DIRECT_OBJC_ISA_USAGE = YES_ERROR;
				CLANG_WARN_DOCUMENTATION_COMMENTS = YES;
				CLANG_WARN_EMPTY_BODY = YES;
				CLANG_WARN_ENUM_CONVERSION = YES;
				CLANG_WARN_INFINITE_RECURSION = YES;
				CLANG_WARN_INT_CONVERSION = YES;
				CLANG_WARN_NON_LITERAL_NULL_CONVERSION = YES;
				CLANG_WARN_OBJC_IMPLICIT_RETAIN_SELF = YES;
				CLANG_WARN_OBJC_LITERAL_CONVERSION = YES;
				CLANG_WARN_OBJC_ROOT_CLASS = YES_ERROR;
				CLANG_WARN_RANGE_LOOP_ANALYSIS = YES;
				CLANG_WARN_STRICT_PROTOTYPES = YES;
				CLANG_WARN_SUSPICIOUS_MOVE = YES;
				CLANG_WARN_UNGUARDED_AVAILABILITY = YES_AGGRESSIVE;
				CLANG_WARN_UNREACHABLE_CODE = YES;
				CLANG_WARN__DUPLICATE_METHOD_MATCH = YES;
				CODE_SIGN_IDENTITY = "iPhone Developer";
				COPY_PHASE_STRIP = NO;
				DEBUG_INFORMATION_FORMAT = dwarf;
				ENABLE_STRICT_OBJC_MSGSEND = YES;
				ENABLE_TESTABILITY = YES;
				GCC_C_LANGUAGE_STANDARD = gnu11;
				GCC_DYNAMIC_NO_PIC = NO;
				GCC_NO_COMMON_BLOCKS = YES;
				GCC_OPTIMIZATION_LEVEL = 0;
				GCC_PREPROCESSOR_DEFINITIONS = (
					"DEBUG=1",
					"$(inherited)",
				);
				GCC_WARN_64_TO_32_BIT_CONVERSION = YES;
				GCC_WARN_ABOUT_RETURN_TYPE = YES_ERROR;
				GCC_WARN_UNDECLARED_SELECTOR = YES;
				GCC_WARN_UNINITIALIZED_AUTOS = YES_AGGRESSIVE;
				GCC_WARN_UNUSED_FUNCTION = YES;
				GCC_WARN_UNUSED_VARIABLE = YES;
				IPHONEOS_DEPLOYMENT_TARGET = 12.2;
				MTL_ENABLE_DEBUG_INFO = INCLUDE_SOURCE;
				MTL_FAST_MATH = YES;
				ONLY_ACTIVE_ARCH = YES;
				SDKROOT = iphoneos;
				SWIFT_ACTIVE_COMPILATION_CONDITIONS = DEBUG;
				SWIFT_OPTIMIZATION_LEVEL = "-Onone";
			};
			name = Debug;
		};
		CAAA62F8241146EA00C7A198 /* Release */ = {
			isa = XCBuildConfiguration;
			buildSettings = {
				ALWAYS_SEARCH_USER_PATHS = NO;
				CLANG_ANALYZER_NONNULL = YES;
				CLANG_ANALYZER_NUMBER_OBJECT_CONVERSION = YES_AGGRESSIVE;
				CLANG_CXX_LANGUAGE_STANDARD = "gnu++14";
				CLANG_CXX_LIBRARY = "libc++";
				CLANG_ENABLE_MODULES = YES;
				CLANG_ENABLE_OBJC_ARC = YES;
				CLANG_ENABLE_OBJC_WEAK = YES;
				CLANG_WARN_BLOCK_CAPTURE_AUTORELEASING = YES;
				CLANG_WARN_BOOL_CONVERSION = YES;
				CLANG_WARN_COMMA = YES;
				CLANG_WARN_CONSTANT_CONVERSION = YES;
				CLANG_WARN_DEPRECATED_OBJC_IMPLEMENTATIONS = YES;
				CLANG_WARN_DIRECT_OBJC_ISA_USAGE = YES_ERROR;
				CLANG_WARN_DOCUMENTATION_COMMENTS = YES;
				CLANG_WARN_EMPTY_BODY = YES;
				CLANG_WARN_ENUM_CONVERSION = YES;
				CLANG_WARN_INFINITE_RECURSION = YES;
				CLANG_WARN_INT_CONVERSION = YES;
				CLANG_WARN_NON_LITERAL_NULL_CONVERSION = YES;
				CLANG_WARN_OBJC_IMPLICIT_RETAIN_SELF = YES;
				CLANG_WARN_OBJC_LITERAL_CONVERSION = YES;
				CLANG_WARN_OBJC_ROOT_CLASS = YES_ERROR;
				CLANG_WARN_RANGE_LOOP_ANALYSIS = YES;
				CLANG_WARN_STRICT_PROTOTYPES = YES;
				CLANG_WARN_SUSPICIOUS_MOVE = YES;
				CLANG_WARN_UNGUARDED_AVAILABILITY = YES_AGGRESSIVE;
				CLANG_WARN_UNREACHABLE_CODE = YES;
				CLANG_WARN__DUPLICATE_METHOD_MATCH = YES;
				CODE_SIGN_IDENTITY = "iPhone Developer";
				COPY_PHASE_STRIP = NO;
				DEBUG_INFORMATION_FORMAT = "dwarf-with-dsym";
				ENABLE_NS_ASSERTIONS = NO;
				ENABLE_STRICT_OBJC_MSGSEND = YES;
				GCC_C_LANGUAGE_STANDARD = gnu11;
				GCC_NO_COMMON_BLOCKS = YES;
				GCC_WARN_64_TO_32_BIT_CONVERSION = YES;
				GCC_WARN_ABOUT_RETURN_TYPE = YES_ERROR;
				GCC_WARN_UNDECLARED_SELECTOR = YES;
				GCC_WARN_UNINITIALIZED_AUTOS = YES_AGGRESSIVE;
				GCC_WARN_UNUSED_FUNCTION = YES;
				GCC_WARN_UNUSED_VARIABLE = YES;
				IPHONEOS_DEPLOYMENT_TARGET = 12.2;
				MTL_ENABLE_DEBUG_INFO = NO;
				MTL_FAST_MATH = YES;
				SDKROOT = iphoneos;
				SWIFT_COMPILATION_MODE = wholemodule;
				SWIFT_OPTIMIZATION_LEVEL = "-O";
				VALIDATE_PRODUCT = YES;
			};
			name = Release;
		};
		CAAA62FA241146EA00C7A198 /* Debug */ = {
			isa = XCBuildConfiguration;
			buildSettings = {
				ASSETCATALOG_COMPILER_APPICON_NAME = AppIcon;
				CODE_SIGN_STYLE = Automatic;
				DEVELOPMENT_TEAM = UW69ZFFDZJ;
				INFOPLIST_FILE = BasicHTTPManager/Info.plist;
				LD_RUNPATH_SEARCH_PATHS = (
					"$(inherited)",
					"@executable_path/Frameworks",
				);
				PRODUCT_BUNDLE_IDENTIFIER = com.studeapps.BasicHTTPManager;
				PRODUCT_NAME = "$(TARGET_NAME)";
				SWIFT_VERSION = 5.0;
				TARGETED_DEVICE_FAMILY = "1,2";
			};
			name = Debug;
		};
		CAAA62FB241146EA00C7A198 /* Release */ = {
			isa = XCBuildConfiguration;
			buildSettings = {
				ASSETCATALOG_COMPILER_APPICON_NAME = AppIcon;
				CODE_SIGN_STYLE = Automatic;
				DEVELOPMENT_TEAM = UW69ZFFDZJ;
				INFOPLIST_FILE = BasicHTTPManager/Info.plist;
				LD_RUNPATH_SEARCH_PATHS = (
					"$(inherited)",
					"@executable_path/Frameworks",
				);
				PRODUCT_BUNDLE_IDENTIFIER = com.studeapps.BasicHTTPManager;
				PRODUCT_NAME = "$(TARGET_NAME)";
				SWIFT_VERSION = 5.0;
				TARGETED_DEVICE_FAMILY = "1,2";
			};
			name = Release;
		};
		CAAA62FD241146EA00C7A198 /* Debug */ = {
			isa = XCBuildConfiguration;
			buildSettings = {
				ALWAYS_EMBED_SWIFT_STANDARD_LIBRARIES = YES;
				BUNDLE_LOADER = "$(TEST_HOST)";
				CODE_SIGN_STYLE = Automatic;
				DEVELOPMENT_TEAM = UW69ZFFDZJ;
				INFOPLIST_FILE = BasicHTTPManagerTests/Info.plist;
				LD_RUNPATH_SEARCH_PATHS = (
					"$(inherited)",
					"@executable_path/Frameworks",
					"@loader_path/Frameworks",
				);
				PRODUCT_BUNDLE_IDENTIFIER = com.studeapps.BasicHTTPManagerTests;
				PRODUCT_NAME = "$(TARGET_NAME)";
				SWIFT_VERSION = 5.0;
				TARGETED_DEVICE_FAMILY = "1,2";
				TEST_HOST = "$(BUILT_PRODUCTS_DIR)/BasicHTTPManager.app/BasicHTTPManager";
			};
			name = Debug;
		};
		CAAA62FE241146EA00C7A198 /* Release */ = {
			isa = XCBuildConfiguration;
			buildSettings = {
				ALWAYS_EMBED_SWIFT_STANDARD_LIBRARIES = YES;
				BUNDLE_LOADER = "$(TEST_HOST)";
				CODE_SIGN_STYLE = Automatic;
				DEVELOPMENT_TEAM = UW69ZFFDZJ;
				INFOPLIST_FILE = BasicHTTPManagerTests/Info.plist;
				LD_RUNPATH_SEARCH_PATHS = (
					"$(inherited)",
					"@executable_path/Frameworks",
					"@loader_path/Frameworks",
				);
				PRODUCT_BUNDLE_IDENTIFIER = com.studeapps.BasicHTTPManagerTests;
				PRODUCT_NAME = "$(TARGET_NAME)";
				SWIFT_VERSION = 5.0;
				TARGETED_DEVICE_FAMILY = "1,2";
				TEST_HOST = "$(BUILT_PRODUCTS_DIR)/BasicHTTPManager.app/BasicHTTPManager";
			};
			name = Release;
		};
		CAAA6300241146EA00C7A198 /* Debug */ = {
			isa = XCBuildConfiguration;
			buildSettings = {
				ALWAYS_EMBED_SWIFT_STANDARD_LIBRARIES = YES;
				CODE_SIGN_STYLE = Automatic;
				DEVELOPMENT_TEAM = UW69ZFFDZJ;
				INFOPLIST_FILE = BasicHTTPManagerUITests/Info.plist;
				LD_RUNPATH_SEARCH_PATHS = (
					"$(inherited)",
					"@executable_path/Frameworks",
					"@loader_path/Frameworks",
				);
				PRODUCT_BUNDLE_IDENTIFIER = com.studeapps.BasicHTTPManagerUITests;
				PRODUCT_NAME = "$(TARGET_NAME)";
				SWIFT_VERSION = 5.0;
				TARGETED_DEVICE_FAMILY = "1,2";
				TEST_TARGET_NAME = BasicHTTPManager;
			};
			name = Debug;
		};
		CAAA6301241146EA00C7A198 /* Release */ = {
			isa = XCBuildConfiguration;
			buildSettings = {
				ALWAYS_EMBED_SWIFT_STANDARD_LIBRARIES = YES;
				CODE_SIGN_STYLE = Automatic;
				DEVELOPMENT_TEAM = UW69ZFFDZJ;
				INFOPLIST_FILE = BasicHTTPManagerUITests/Info.plist;
				LD_RUNPATH_SEARCH_PATHS = (
					"$(inherited)",
					"@executable_path/Frameworks",
					"@loader_path/Frameworks",
				);
				PRODUCT_BUNDLE_IDENTIFIER = com.studeapps.BasicHTTPManagerUITests;
				PRODUCT_NAME = "$(TARGET_NAME)";
				SWIFT_VERSION = 5.0;
				TARGETED_DEVICE_FAMILY = "1,2";
				TEST_TARGET_NAME = BasicHTTPManager;
			};
			name = Release;
		};
/* End XCBuildConfiguration section */

/* Begin XCConfigurationList section */
		CAAA62CC241146E800C7A198 /* Build configuration list for PBXProject "BasicHTTPManager" */ = {
			isa = XCConfigurationList;
			buildConfigurations = (
				CAAA62F7241146EA00C7A198 /* Debug */,
				CAAA62F8241146EA00C7A198 /* Release */,
			);
			defaultConfigurationIsVisible = 0;
			defaultConfigurationName = Release;
		};
		CAAA62F9241146EA00C7A198 /* Build configuration list for PBXNativeTarget "BasicHTTPManager" */ = {
			isa = XCConfigurationList;
			buildConfigurations = (
				CAAA62FA241146EA00C7A198 /* Debug */,
				CAAA62FB241146EA00C7A198 /* Release */,
			);
			defaultConfigurationIsVisible = 0;
			defaultConfigurationName = Release;
		};
		CAAA62FC241146EA00C7A198 /* Build configuration list for PBXNativeTarget "BasicHTTPManagerTests" */ = {
			isa = XCConfigurationList;
			buildConfigurations = (
				CAAA62FD241146EA00C7A198 /* Debug */,
				CAAA62FE241146EA00C7A198 /* Release */,
			);
			defaultConfigurationIsVisible = 0;
			defaultConfigurationName = Release;
		};
		CAAA62FF241146EA00C7A198 /* Build configuration list for PBXNativeTarget "BasicHTTPManagerUITests" */ = {
			isa = XCConfigurationList;
			buildConfigurations = (
				CAAA6300241146EA00C7A198 /* Debug */,
				CAAA6301241146EA00C7A198 /* Release */,
			);
			defaultConfigurationIsVisible = 0;
			defaultConfigurationName = Release;
		};
/* End XCConfigurationList section */
	};
	rootObject = CAAA62C9241146E800C7A198 /* Project object */;
}
